
Microsoft Visual Studio Solution File, Format Version 12.00
# Visual Studio Version 16
VisualStudioVersion = 16.0.31005.135
MinimumVisualStudioVersion = 10.0.40219.1
Project("{E53339B2-1760-4266-BCC7-CA923CBCF16C}") = "docker-compose", "docker-compose.dcproj", "{DD578A77-56E5-4CCD-88C7-FB81C2C5191E}"
EndProject
Project("{FAE04EC0-301F-11D3-BF4B-00C04F79EFBC}") = "Kiwoon.Core", "Kiwoon.Core\Kiwoon.Core.csproj", "{01A270A8-57AA-4B4C-A7E1-0850FDBE0574}"
EndProject
Project("{FAE04EC0-301F-11D3-BF4B-00C04F79EFBC}") = "Kiwoon.Data", "Kiwoon.Data\Kiwoon.Data.csproj", "{05C28E01-ADE6-4196-849E-B9487BFD7FB1}"
EndProject
Project("{FAE04EC0-301F-11D3-BF4B-00C04F79EFBC}") = "Kiwoon.Domain", "Kiwoon.Domain\Kiwoon.Domain.csproj", "{65860563-3457-4BD9-8737-62F61D98DB7B}"
EndProject
Global
	GlobalSection(SolutionConfigurationPlatforms) = preSolution
		Debug|Any CPU = Debug|Any CPU
		Release|Any CPU = Release|Any CPU
	EndGlobalSection
	GlobalSection(ProjectConfigurationPlatforms) = postSolution
		{DD578A77-56E5-4CCD-88C7-FB81C2C5191E}.Debug|Any CPU.ActiveCfg = Debug|Any CPU
		{DD578A77-56E5-4CCD-88C7-FB81C2C5191E}.Debug|Any CPU.Build.0 = Debug|Any CPU
		{DD578A77-56E5-4CCD-88C7-FB81C2C5191E}.Release|Any CPU.ActiveCfg = Release|Any CPU
		{DD578A77-56E5-4CCD-88C7-FB81C2C5191E}.Release|Any CPU.Build.0 = Release|Any CPU
		{01A270A8-57AA-4B4C-A7E1-0850FDBE0574}.Debug|Any CPU.ActiveCfg = Debug|Any CPU
		{01A270A8-57AA-4B4C-A7E1-0850FDBE0574}.Debug|Any CPU.Build.0 = Debug|Any CPU
		{01A270A8-57AA-4B4C-A7E1-0850FDBE0574}.Release|Any CPU.ActiveCfg = Release|Any CPU
		{01A270A8-57AA-4B4C-A7E1-0850FDBE0574}.Release|Any CPU.Build.0 = Release|Any CPU
		{05C28E01-ADE6-4196-849E-B9487BFD7FB1}.Debug|Any CPU.ActiveCfg = Debug|Any CPU
		{05C28E01-ADE6-4196-849E-B9487BFD7FB1}.Debug|Any CPU.Build.0 = Debug|Any CPU
		{05C28E01-ADE6-4196-849E-B9487BFD7FB1}.Release|Any CPU.ActiveCfg = Release|Any CPU
		{05C28E01-ADE6-4196-849E-B9487BFD7FB1}.Release|Any CPU.Build.0 = Release|Any CPU
		{65860563-3457-4BD9-8737-62F61D98DB7B}.Debug|Any CPU.ActiveCfg = Debug|Any CPU
		{65860563-3457-4BD9-8737-62F61D98DB7B}.Debug|Any CPU.Build.0 = Debug|Any CPU
		{65860563-3457-4BD9-8737-62F61D98DB7B}.Release|Any CPU.ActiveCfg = Release|Any CPU
		{65860563-3457-4BD9-8737-62F61D98DB7B}.Release|Any CPU.Build.0 = Release|Any CPU
	EndGlobalSection
	GlobalSection(SolutionProperties) = preSolution
		HideSolutionNode = FALSE
	EndGlobalSection
	GlobalSection(ExtensibilityGlobals) = postSolution
		SolutionGuid = {0F7B9696-11AD-47E8-88F7-676C102609FD}
	EndGlobalSection
EndGlobal
